
Microsoft Visual Studio Solution File, Format Version 12.00
# Visual Studio 15
VisualStudioVersion = 15.0.28307.1062
MinimumVisualStudioVersion = 10.0.40219.1
Project("{FAE04EC0-301F-11D3-BF4B-00C04F79EFBC}") = "Zadatak_1", "Zadatak_1\Zadatak_1.csproj", "{0EF9AA29-4E1C-4C1A-BBF4-FF374E02F83E}"
EndProject
Global
	GlobalSection(SolutionConfigurationPlatforms) = preSolution
		Debug|Any CPU = Debug|Any CPU
		Release|Any CPU = Release|Any CPU
	EndGlobalSection
	GlobalSection(ProjectConfigurationPlatforms) = postSolution
		{0EF9AA29-4E1C-4C1A-BBF4-FF374E02F83E}.Debug|Any CPU.ActiveCfg = Debug|Any CPU
		{0EF9AA29-4E1C-4C1A-BBF4-FF374E02F83E}.Debug|Any CPU.Build.0 = Debug|Any CPU
		{0EF9AA29-4E1C-4C1A-BBF4-FF374E02F83E}.Release|Any CPU.ActiveCfg = Release|Any CPU
		{0EF9AA29-4E1C-4C1A-BBF4-FF374E02F83E}.Release|Any CPU.Build.0 = Release|Any CPU
	EndGlobalSection
	GlobalSection(SolutionProperties) = preSolution
		HideSolutionNode = FALSE
	EndGlobalSection
	GlobalSection(ExtensibilityGlobals) = postSolution
		SolutionGuid = {48A640C6-6412-4304-99B9-34AA6F6C1944}
	EndGlobalSection
EndGlobal
